// !$*UTF8*$!
{
	archiveVersion = 1;
	classes = {
	};
	objectVersion = 56;
	objects = {

/* Begin PBXBuildFile section */
		458FFC542C5B7B5B003B5236 /* AppDelegate.swift in Sources */ = {isa = PBXBuildFile; fileRef = 458FFC532C5B7B5B003B5236 /* AppDelegate.swift */; };
		458FFC562C5B7B5B003B5236 /* SceneDelegate.swift in Sources */ = {isa = PBXBuildFile; fileRef = 458FFC552C5B7B5B003B5236 /* SceneDelegate.swift */; };
		458FFC582C5B7B5B003B5236 /* ViewController.swift in Sources */ = {isa = PBXBuildFile; fileRef = 458FFC572C5B7B5B003B5236 /* ViewController.swift */; };
		458FFC5B2C5B7B5B003B5236 /* Base in Resources */ = {isa = PBXBuildFile; fileRef = 458FFC5A2C5B7B5B003B5236 /* Base */; };
		458FFC5D2C5B7B5D003B5236 /* Assets.xcassets in Resources */ = {isa = PBXBuildFile; fileRef = 458FFC5C2C5B7B5D003B5236 /* Assets.xcassets */; };
		458FFC602C5B7B5D003B5236 /* Base in Resources */ = {isa = PBXBuildFile; fileRef = 458FFC5F2C5B7B5D003B5236 /* Base */; };
		458FFC692C5B7BA0003B5236 /* Movie.swift in Sources */ = {isa = PBXBuildFile; fileRef = 458FFC682C5B7BA0003B5236 /* Movie.swift */; };
		458FFC6B2C5B7BC8003B5236 /* Video.swift in Sources */ = {isa = PBXBuildFile; fileRef = 458FFC6A2C5B7BC8003B5236 /* Video.swift */; };
		458FFCBB2C60A0DD003B5236 /* MainViewController.swift in Sources */ = {isa = PBXBuildFile; fileRef = 458FFCBA2C60A0DD003B5236 /* MainViewController.swift */; };
/* End PBXBuildFile section */

/* Begin PBXFileReference section */
		458FFC502C5B7B5B003B5236 /* NetflixCloneCoding.app */ = {isa = PBXFileReference; explicitFileType = wrapper.application; includeInIndex = 0; path = NetflixCloneCoding.app; sourceTree = BUILT_PRODUCTS_DIR; };
		458FFC532C5B7B5B003B5236 /* AppDelegate.swift */ = {isa = PBXFileReference; lastKnownFileType = sourcecode.swift; path = AppDelegate.swift; sourceTree = "<group>"; };
		458FFC552C5B7B5B003B5236 /* SceneDelegate.swift */ = {isa = PBXFileReference; lastKnownFileType = sourcecode.swift; path = SceneDelegate.swift; sourceTree = "<group>"; };
		458FFC572C5B7B5B003B5236 /* ViewController.swift */ = {isa = PBXFileReference; lastKnownFileType = sourcecode.swift; path = ViewController.swift; sourceTree = "<group>"; };
		458FFC5A2C5B7B5B003B5236 /* Base */ = {isa = PBXFileReference; lastKnownFileType = file.storyboard; name = Base; path = Base.lproj/Main.storyboard; sourceTree = "<group>"; };
		458FFC5C2C5B7B5D003B5236 /* Assets.xcassets */ = {isa = PBXFileReference; lastKnownFileType = folder.assetcatalog; path = Assets.xcassets; sourceTree = "<group>"; };
		458FFC5F2C5B7B5D003B5236 /* Base */ = {isa = PBXFileReference; lastKnownFileType = file.storyboard; name = Base; path = Base.lproj/LaunchScreen.storyboard; sourceTree = "<group>"; };
		458FFC612C5B7B5D003B5236 /* Info.plist */ = {isa = PBXFileReference; lastKnownFileType = text.plist.xml; path = Info.plist; sourceTree = "<group>"; };
		458FFC682C5B7BA0003B5236 /* Movie.swift */ = {isa = PBXFileReference; lastKnownFileType = sourcecode.swift; path = Movie.swift; sourceTree = "<group>"; };
		458FFC6A2C5B7BC8003B5236 /* Video.swift */ = {isa = PBXFileReference; lastKnownFileType = sourcecode.swift; path = Video.swift; sourceTree = "<group>"; };
		458FFCBA2C60A0DD003B5236 /* MainViewController.swift */ = {isa = PBXFileReference; lastKnownFileType = sourcecode.swift; name = MainViewController.swift; path = ../../../../SearchBookApp/SearchBookApp/SearchBookApp/VC/MainViewController.swift; sourceTree = "<group>"; };
/* End PBXFileReference section */

/* Begin PBXFrameworksBuildPhase section */
		458FFC4D2C5B7B5B003B5236 /* Frameworks */ = {
			isa = PBXFrameworksBuildPhase;
			buildActionMask = 2147483647;
			files = (
			);
			runOnlyForDeploymentPostprocessing = 0;
		};
/* End PBXFrameworksBuildPhase section */

/* Begin PBXGroup section */
		458FFC472C5B7B5B003B5236 = {
			isa = PBXGroup;
			children = (
				458FFC522C5B7B5B003B5236 /* NetflixCloneCoding */,
				458FFC512C5B7B5B003B5236 /* Products */,
			);
			sourceTree = "<group>";
		};
		458FFC512C5B7B5B003B5236 /* Products */ = {
			isa = PBXGroup;
			children = (
				458FFC502C5B7B5B003B5236 /* NetflixCloneCoding.app */,
			);
			name = Products;
			sourceTree = "<group>";
		};
		458FFC522C5B7B5B003B5236 /* NetflixCloneCoding */ = {
			isa = PBXGroup;
			children = (
				458FFC532C5B7B5B003B5236 /* AppDelegate.swift */,
				458FFC552C5B7B5B003B5236 /* SceneDelegate.swift */,
				458FFC572C5B7B5B003B5236 /* ViewController.swift */,
				458FFC592C5B7B5B003B5236 /* Main.storyboard */,
				458FFC5C2C5B7B5D003B5236 /* Assets.xcassets */,
				458FFC5E2C5B7B5D003B5236 /* LaunchScreen.storyboard */,
				458FFC612C5B7B5D003B5236 /* Info.plist */,
				458FFC672C5B7B7F003B5236 /* Model */,
				458FFC6C2C5B7BEC003B5236 /* View */,
				458FFC6D2C5B7BF3003B5236 /* ViewModel */,
			);
			path = NetflixCloneCoding;
			sourceTree = "<group>";
		};
		458FFC672C5B7B7F003B5236 /* Model */ = {
			isa = PBXGroup;
			children = (
				458FFC682C5B7BA0003B5236 /* Movie.swift */,
				458FFC6A2C5B7BC8003B5236 /* Video.swift */,
			);
			path = Model;
			sourceTree = "<group>";
		};
		458FFC6C2C5B7BEC003B5236 /* View */ = {
			isa = PBXGroup;
			children = (
				458FFCBA2C60A0DD003B5236 /* MainViewController.swift */,
			);
			path = View;
			sourceTree = "<group>";
		};
		458FFC6D2C5B7BF3003B5236 /* ViewModel */ = {
			isa = PBXGroup;
			children = (
			);
			path = ViewModel;
			sourceTree = "<group>";
		};
/* End PBXGroup section */

/* Begin PBXNativeTarget section */
		458FFC4F2C5B7B5B003B5236 /* NetflixCloneCoding */ = {
			isa = PBXNativeTarget;
			buildConfigurationList = 458FFC642C5B7B5D003B5236 /* Build configuration list for PBXNativeTarget "NetflixCloneCoding" */;
			buildPhases = (
				458FFC4C2C5B7B5B003B5236 /* Sources */,
				458FFC4D2C5B7B5B003B5236 /* Frameworks */,
				458FFC4E2C5B7B5B003B5236 /* Resources */,
			);
			buildRules = (
			);
			dependencies = (
			);
			name = NetflixCloneCoding;
			productName = NetflixCloneCoding;
			productReference = 458FFC502C5B7B5B003B5236 /* NetflixCloneCoding.app */;
			productType = "com.apple.product-type.application";
		};
/* End PBXNativeTarget section */

/* Begin PBXProject section */
		458FFC482C5B7B5B003B5236 /* Project object */ = {
			isa = PBXProject;
			attributes = {
				BuildIndependentTargetsInParallel = 1;
				LastSwiftUpdateCheck = 1540;
				LastUpgradeCheck = 1540;
				TargetAttributes = {
					458FFC4F2C5B7B5B003B5236 = {
						CreatedOnToolsVersion = 15.4;
					};
				};
			};
			buildConfigurationList = 458FFC4B2C5B7B5B003B5236 /* Build configuration list for PBXProject "NetflixCloneCoding" */;
			compatibilityVersion = "Xcode 14.0";
			developmentRegion = en;
			hasScannedForEncodings = 0;
			knownRegions = (
				en,
				Base,
			);
			mainGroup = 458FFC472C5B7B5B003B5236;
			productRefGroup = 458FFC512C5B7B5B003B5236 /* Products */;
			projectDirPath = "";
			projectRoot = "";
			targets = (
				458FFC4F2C5B7B5B003B5236 /* NetflixCloneCoding */,
			);
		};
/* End PBXProject section */

/* Begin PBXResourcesBuildPhase section */
		458FFC4E2C5B7B5B003B5236 /* Resources */ = {
			isa = PBXResourcesBuildPhase;
			buildActionMask = 2147483647;
			files = (
				458FFC5D2C5B7B5D003B5236 /* Assets.xcassets in Resources */,
				458FFC602C5B7B5D003B5236 /* Base in Resources */,
				458FFC5B2C5B7B5B003B5236 /* Base in Resources */,
			);
			runOnlyForDeploymentPostprocessing = 0;
		};
/* End PBXResourcesBuildPhase section */

/* Begin PBXSourcesBuildPhase section */
		458FFC4C2C5B7B5B003B5236 /* Sources */ = {
			isa = PBXSourcesBuildPhase;
			buildActionMask = 2147483647;
			files = (
				458FFC582C5B7B5B003B5236 /* ViewController.swift in Sources */,
				458FFC542C5B7B5B003B5236 /* AppDelegate.swift in Sources */,
				458FFC692C5B7BA0003B5236 /* Movie.swift in Sources */,
				458FFCBB2C60A0DD003B5236 /* MainViewController.swift in Sources */,
				458FFC562C5B7B5B003B5236 /* SceneDelegate.swift in Sources */,
				458FFC6B2C5B7BC8003B5236 /* Video.swift in Sources */,
			);
			runOnlyForDeploymentPostprocessing = 0;
		};
/* End PBXSourcesBuildPhase section */

/* Begin PBXVariantGroup section */
		458FFC592C5B7B5B003B5236 /* Main.storyboard */ = {
			isa = PBXVariantGroup;
			children = (
				458FFC5A2C5B7B5B003B5236 /* Base */,
			);
			name = Main.storyboard;
			sourceTree = "<group>";
		};
		458FFC5E2C5B7B5D003B5236 /* LaunchScreen.storyboard */ = {
			isa = PBXVariantGroup;
			children = (
				458FFC5F2C5B7B5D003B5236 /* Base */,
			);
			name = LaunchScreen.storyboard;
			sourceTree = "<group>";
		};
/* End PBXVariantGroup section */

/* Begin XCBuildConfiguration section */
		458FFC622C5B7B5D003B5236 /* Debug */ = {
			isa = XCBuildConfiguration;
			buildSettings = {
				ALWAYS_SEARCH_USER_PATHS = NO;
				ASSETCATALOG_COMPILER_GENERATE_SWIFT_ASSET_SYMBOL_EXTENSIONS = YES;
				CLANG_ANALYZER_NONNULL = YES;
				CLANG_ANALYZER_NUMBER_OBJECT_CONVERSION = YES_AGGRESSIVE;
				CLANG_CXX_LANGUAGE_STANDARD = "gnu++20";
				CLANG_ENABLE_MODULES = YES;
				CLANG_ENABLE_OBJC_ARC = YES;
				CLANG_ENABLE_OBJC_WEAK = YES;
				CLANG_WARN_BLOCK_CAPTURE_AUTORELEASING = YES;
				CLANG_WARN_BOOL_CONVERSION = YES;
				CLANG_WARN_COMMA = YES;
				CLANG_WARN_CONSTANT_CONVERSION = YES;
				CLANG_WARN_DEPRECATED_OBJC_IMPLEMENTATIONS = YES;
				CLANG_WARN_DIRECT_OBJC_ISA_USAGE = YES_ERROR;
				CLANG_WARN_DOCUMENTATION_COMMENTS = YES;
				CLANG_WARN_EMPTY_BODY = YES;
				CLANG_WARN_ENUM_CONVERSION = YES;
				CLANG_WARN_INFINITE_RECURSION = YES;
				CLANG_WARN_INT_CONVERSION = YES;
				CLANG_WARN_NON_LITERAL_NULL_CONVERSION = YES;
				CLANG_WARN_OBJC_IMPLICIT_RETAIN_SELF = YES;
				CLANG_WARN_OBJC_LITERAL_CONVERSION = YES;
				CLANG_WARN_OBJC_ROOT_CLASS = YES_ERROR;
				CLANG_WARN_QUOTED_INCLUDE_IN_FRAMEWORK_HEADER = YES;
				CLANG_WARN_RANGE_LOOP_ANALYSIS = YES;
				CLANG_WARN_STRICT_PROTOTYPES = YES;
				CLANG_WARN_SUSPICIOUS_MOVE = YES;
				CLANG_WARN_UNGUARDED_AVAILABILITY = YES_AGGRESSIVE;
				CLANG_WARN_UNREACHABLE_CODE = YES;
				CLANG_WARN__DUPLICATE_METHOD_MATCH = YES;
				COPY_PHASE_STRIP = NO;
				DEBUG_INFORMATION_FORMAT = dwarf;
				ENABLE_STRICT_OBJC_MSGSEND = YES;
				ENABLE_TESTABILITY = YES;
				ENABLE_USER_SCRIPT_SANDBOXING = YES;
				GCC_C_LANGUAGE_STANDARD = gnu17;
				GCC_DYNAMIC_NO_PIC = NO;
				GCC_NO_COMMON_BLOCKS = YES;
				GCC_OPTIMIZATION_LEVEL = 0;
				GCC_PREPROCESSOR_DEFINITIONS = (
					"DEBUG=1",
					"$(inherited)",
				);
				GCC_WARN_64_TO_32_BIT_CONVERSION = YES;
				GCC_WARN_ABOUT_RETURN_TYPE = YES_ERROR;
				GCC_WARN_UNDECLARED_SELECTOR = YES;
				GCC_WARN_UNINITIALIZED_AUTOS = YES_AGGRESSIVE;
				GCC_WARN_UNUSED_FUNCTION = YES;
				GCC_WARN_UNUSED_VARIABLE = YES;
				IPHONEOS_DEPLOYMENT_TARGET = 17.5;
				LOCALIZATION_PREFERS_STRING_CATALOGS = YES;
				MTL_ENABLE_DEBUG_INFO = INCLUDE_SOURCE;
				MTL_FAST_MATH = YES;
				ONLY_ACTIVE_ARCH = YES;
				SDKROOT = iphoneos;
				SWIFT_ACTIVE_COMPILATION_CONDITIONS = "DEBUG $(inherited)";
				SWIFT_OPTIMIZATION_LEVEL = "-Onone";
			};
			name = Debug;
		};
		458FFC632C5B7B5D003B5236 /* Release */ = {
			isa = XCBuildConfiguration;
			buildSettings = {
				ALWAYS_SEARCH_USER_PATHS = NO;
				ASSETCATALOG_COMPILER_GENERATE_SWIFT_ASSET_SYMBOL_EXTENSIONS = YES;
				CLANG_ANALYZER_NONNULL = YES;
				CLANG_ANALYZER_NUMBER_OBJECT_CONVERSION = YES_AGGRESSIVE;
				CLANG_CXX_LANGUAGE_STANDARD = "gnu++20";
				CLANG_ENABLE_MODULES = YES;
				CLANG_ENABLE_OBJC_ARC = YES;
				CLANG_ENABLE_OBJC_WEAK = YES;
				CLANG_WARN_BLOCK_CAPTURE_AUTORELEASING = YES;
				CLANG_WARN_BOOL_CONVERSION = YES;
				CLANG_WARN_COMMA = YES;
				CLANG_WARN_CONSTANT_CONVERSION = YES;
				CLANG_WARN_DEPRECATED_OBJC_IMPLEMENTATIONS = YES;
				CLANG_WARN_DIRECT_OBJC_ISA_USAGE = YES_ERROR;
				CLANG_WARN_DOCUMENTATION_COMMENTS = YES;
				CLANG_WARN_EMPTY_BODY = YES;
				CLANG_WARN_ENUM_CONVERSION = YES;
				CLANG_WARN_INFINITE_RECURSION = YES;
				CLANG_WARN_INT_CONVERSION = YES;
				CLANG_WARN_NON_LITERAL_NULL_CONVERSION = YES;
				CLANG_WARN_OBJC_IMPLICIT_RETAIN_SELF = YES;
				CLANG_WARN_OBJC_LITERAL_CONVERSION = YES;
				CLANG_WARN_OBJC_ROOT_CLASS = YES_ERROR;
				CLANG_WARN_QUOTED_INCLUDE_IN_FRAMEWORK_HEADER = YES;
				CLANG_WARN_RANGE_LOOP_ANALYSIS = YES;
				CLANG_WARN_STRICT_PROTOTYPES = YES;
				CLANG_WARN_SUSPICIOUS_MOVE = YES;
				CLANG_WARN_UNGUARDED_AVAILABILITY = YES_AGGRESSIVE;
				CLANG_WARN_UNREACHABLE_CODE = YES;
				CLANG_WARN__DUPLICATE_METHOD_MATCH = YES;
				COPY_PHASE_STRIP = NO;
				DEBUG_INFORMATION_FORMAT = "dwarf-with-dsym";
				ENABLE_NS_ASSERTIONS = NO;
				ENABLE_STRICT_OBJC_MSGSEND = YES;
				ENABLE_USER_SCRIPT_SANDBOXING = YES;
				GCC_C_LANGUAGE_STANDARD = gnu17;
				GCC_NO_COMMON_BLOCKS = YES;
				GCC_WARN_64_TO_32_BIT_CONVERSION = YES;
				GCC_WARN_ABOUT_RETURN_TYPE = YES_ERROR;
				GCC_WARN_UNDECLARED_SELECTOR = YES;
				GCC_WARN_UNINITIALIZED_AUTOS = YES_AGGRESSIVE;
				GCC_WARN_UNUSED_FUNCTION = YES;
				GCC_WARN_UNUSED_VARIABLE = YES;
				IPHONEOS_DEPLOYMENT_TARGET = 17.5;
				LOCALIZATION_PREFERS_STRING_CATALOGS = YES;
				MTL_ENABLE_DEBUG_INFO = NO;
				MTL_FAST_MATH = YES;
				SDKROOT = iphoneos;
				SWIFT_COMPILATION_MODE = wholemodule;
				VALIDATE_PRODUCT = YES;
			};
			name = Release;
		};
		458FFC652C5B7B5D003B5236 /* Debug */ = {
			isa = XCBuildConfiguration;
			buildSettings = {
				ASSETCATALOG_COMPILER_APPICON_NAME = AppIcon;
				ASSETCATALOG_COMPILER_GLOBAL_ACCENT_COLOR_NAME = AccentColor;
				CODE_SIGN_STYLE = Automatic;
				CURRENT_PROJECT_VERSION = 1;
				GENERATE_INFOPLIST_FILE = YES;
				INFOPLIST_FILE = NetflixCloneCoding/Info.plist;
				INFOPLIST_KEY_UIApplicationSupportsIndirectInputEvents = YES;
				INFOPLIST_KEY_UILaunchStoryboardName = LaunchScreen;
				INFOPLIST_KEY_UIMainStoryboardFile = Main;
				INFOPLIST_KEY_UISupportedInterfaceOrientations_iPad = "UIInterfaceOrientationPortrait UIInterfaceOrientationPortraitUpsideDown UIInterfaceOrientationLandscapeLeft UIInterfaceOrientationLandscapeRight";
				INFOPLIST_KEY_UISupportedInterfaceOrientations_iPhone = "UIInterfaceOrientationPortrait UIInterfaceOrientationLandscapeLeft UIInterfaceOrientationLandscapeRight";
				LD_RUNPATH_SEARCH_PATHS = (
					"$(inherited)",
					"@executable_path/Frameworks",
				);
				MARKETING_VERSION = 1.0;
				PRODUCT_BUNDLE_IDENTIFIER = com.noah.NetflixCloneCoding;
				PRODUCT_NAME = "$(TARGET_NAME)";
				SWIFT_EMIT_LOC_STRINGS = YES;
				SWIFT_VERSION = 5.0;
				TARGETED_DEVICE_FAMILY = "1,2";
			};
			name = Debug;
		};
		458FFC662C5B7B5D003B5236 /* Release */ = {
			isa = XCBuildConfiguration;
			buildSettings = {
				ASSETCATALOG_COMPILER_APPICON_NAME = AppIcon;
				ASSETCATALOG_COMPILER_GLOBAL_ACCENT_COLOR_NAME = AccentColor;
				CODE_SIGN_STYLE = Automatic;
				CURRENT_PROJECT_VERSION = 1;
				GENERATE_INFOPLIST_FILE = YES;
				INFOPLIST_FILE = NetflixCloneCoding/Info.plist;
				INFOPLIST_KEY_UIApplicationSupportsIndirectInputEvents = YES;
				INFOPLIST_KEY_UILaunchStoryboardName = LaunchScreen;
				INFOPLIST_KEY_UIMainStoryboardFile = Main;
				INFOPLIST_KEY_UISupportedInterfaceOrientations_iPad = "UIInterfaceOrientationPortrait UIInterfaceOrientationPortraitUpsideDown UIInterfaceOrientationLandscapeLeft UIInterfaceOrientationLandscapeRight";
				INFOPLIST_KEY_UISupportedInterfaceOrientations_iPhone = "UIInterfaceOrientationPortrait UIInterfaceOrientationLandscapeLeft UIInterfaceOrientationLandscapeRight";
				LD_RUNPATH_SEARCH_PATHS = (
					"$(inherited)",
					"@executable_path/Frameworks",
				);
				MARKETING_VERSION = 1.0;
				PRODUCT_BUNDLE_IDENTIFIER = com.noah.NetflixCloneCoding;
				PRODUCT_NAME = "$(TARGET_NAME)";
				SWIFT_EMIT_LOC_STRINGS = YES;
				SWIFT_VERSION = 5.0;
				TARGETED_DEVICE_FAMILY = "1,2";
			};
			name = Release;
		};
/* End XCBuildConfiguration section */

/* Begin XCConfigurationList section */
		458FFC4B2C5B7B5B003B5236 /* Build configuration list for PBXProject "NetflixCloneCoding" */ = {
			isa = XCConfigurationList;
			buildConfigurations = (
				458FFC622C5B7B5D003B5236 /* Debug */,
				458FFC632C5B7B5D003B5236 /* Release */,
			);
			defaultConfigurationIsVisible = 0;
			defaultConfigurationName = Release;
		};
		458FFC642C5B7B5D003B5236 /* Build configuration list for PBXNativeTarget "NetflixCloneCoding" */ = {
			isa = XCConfigurationList;
			buildConfigurations = (
				458FFC652C5B7B5D003B5236 /* Debug */,
				458FFC662C5B7B5D003B5236 /* Release */,
			);
			defaultConfigurationIsVisible = 0;
			defaultConfigurationName = Release;
		};
/* End XCConfigurationList section */
	};
	rootObject = 458FFC482C5B7B5B003B5236 /* Project object */;
}
